
Microsoft Visual Studio Solution File, Format Version 12.00
# Visual Studio Version 17
VisualStudioVersion = 17.6.33815.320
MinimumVisualStudioVersion = 10.0.40219.1
Project("{8BC9CEB8-8B4A-11D0-8D11-00A0C91BC942}") = "VulkaniteRenderEngine", "VulkaniteRenderEngine.vcxproj", "{1F8159D0-7152-4D8F-B88E-82637E443C00}"
EndProject
Global
	GlobalSection(SolutionConfigurationPlatforms) = preSolution
		Debug|x64 = Debug|x64
		Debug|x86 = Debug|x86
		Release|x64 = Release|x64
		Release|x86 = Release|x86
	EndGlobalSection
	GlobalSection(ProjectConfigurationPlatforms) = postSolution
		{1F8159D0-7152-4D8F-B88E-82637E443C00}.Debug|x64.ActiveCfg = Debug|x64
		{1F8159D0-7152-4D8F-B88E-82637E443C00}.Debug|x64.Build.0 = Debug|x64
		{1F8159D0-7152-4D8F-B88E-82637E443C00}.Debug|x86.ActiveCfg = Debug|Win32
		{1F8159D0-7152-4D8F-B88E-82637E443C00}.Debug|x86.Build.0 = Debug|Win32
		{1F8159D0-7152-4D8F-B88E-82637E443C00}.Release|x64.ActiveCfg = Release|x64
		{1F8159D0-7152-4D8F-B88E-82637E443C00}.Release|x64.Build.0 = Release|x64
		{1F8159D0-7152-4D8F-B88E-82637E443C00}.Release|x86.ActiveCfg = Release|Win32
		{1F8159D0-7152-4D8F-B88E-82637E443C00}.Release|x86.Build.0 = Release|Win32
	EndGlobalSection
	GlobalSection(SolutionProperties) = preSolution
		HideSolutionNode = FALSE
	EndGlobalSection
	GlobalSection(ExtensibilityGlobals) = postSolution
		SolutionGuid = {38DCEACC-5859-48C4-A000-2694ABCBEB1B}
	EndGlobalSection
EndGlobal
